{
  "name": "thedevelopmentdilemma",
  "version": "1.0.0",
  "lockfileVersion": 3,
  "requires": true,
  "packages": {
    "": {
      "name": "thedevelopmentdilemma",
      "version": "1.0.0",
      "license": "ISC",
      "dependencies": {
        "gsap": "^3.12.7",
        "material-icons": "^1.13.14",
        "particles.js": "^2.0.0",
        "transition-style": "^0.1.3"
      }
    },
    "node_modules/gsap": {
      "version": "3.12.7",
      "resolved": "https://registry.npmjs.org/gsap/-/gsap-3.12.7.tgz",
      "integrity": "sha512-V4GsyVamhmKefvcAKaoy0h6si0xX7ogwBoBSs2CTJwt7luW0oZzC0LhdkyuKV8PJAXr7Yaj8pMjCKD4GJ+eEMg==",
      "license": "Standard 'no charge' license: https://gsap.com/standard-license. Club GSAP members get more: https://gsap.com/licensing/. Why GreenSock doesn't employ an MIT license: https://gsap.com/why-license/"
    },
    "node_modules/material-icons": {
      "version": "1.13.14",
      "resolved": "https://registry.npmjs.org/material-icons/-/material-icons-1.13.14.tgz",
      "integrity": "sha512-kZOfc7xCC0rAT8Q3DQixYAeT+tBqZnxkseQtp2bxBxz7q5pMAC+wmit7vJn1g/l7wRU+HEPq23gER4iPjGs5Cg==",
      "license": "Apache-2.0"
    },
    "node_modules/particles.js": {
      "version": "2.0.0",
      "resolved": "https://registry.npmjs.org/particles.js/-/particles.js-2.0.0.tgz",
      "integrity": "sha512-8e0JIqkRbMMPlFBnF9f+92hX1s07jdkd3tqB8uHE9L+cwGGjIYjQM7QLgt0FQ5MZp6SFFYYDm/Y48pqK3ZvJOQ==",
      "license": "MIT"
    },
    "node_modules/transition-style": {
      "version": "0.1.3",
      "resolved": "https://registry.npmjs.org/transition-style/-/transition-style-0.1.3.tgz",
      "integrity": "sha512-VlwsFMhxS0YOHlWY8jf2ofZC/rvnOtoC51YU8qhu8GA2WwB6EXZonxpw/bZOD6+s7vUwFDwTSwVlvk9nMhX1NQ==",
      "license": "ISC"
    }
  }
}
